
Microsoft Visual Studio Solution File, Format Version 12.00
# Visual Studio Version 16
VisualStudioVersion = 16.0.29215.179
MinimumVisualStudioVersion = 10.0.40219.1
Project("{FAE04EC0-301F-11D3-BF4B-00C04F79EFBC}") = "WordFilter", "WordFilter\WordFilter.csproj", "{D3FCDBC5-A50C-486D-8D3D-5AAD7339175C}"
EndProject
Project("{FAE04EC0-301F-11D3-BF4B-00C04F79EFBC}") = "WordFilterApp", "WordFilterApp\WordFilterApp.csproj", "{8F029B25-A56E-4E47-982F-CB5B014EFF7F}"
	ProjectSection(ProjectDependencies) = postProject
		{D3FCDBC5-A50C-486D-8D3D-5AAD7339175C} = {D3FCDBC5-A50C-486D-8D3D-5AAD7339175C}
	EndProjectSection
EndProject
Project("{FAE04EC0-301F-11D3-BF4B-00C04F79EFBC}") = "secondService", "secondService\secondService.csproj", "{A4CDDDB7-E990-4569-9D12-FAD16447E686}"
EndProject
Project("{FAE04EC0-301F-11D3-BF4B-00C04F79EFBC}") = "secondServiceApp", "secondServiceApp\secondServiceApp.csproj", "{BCB20C11-29C1-4466-BCA4-5A7698D6D87A}"
	ProjectSection(ProjectDependencies) = postProject
		{A4CDDDB7-E990-4569-9D12-FAD16447E686} = {A4CDDDB7-E990-4569-9D12-FAD16447E686}
	EndProjectSection
EndProject
Project("{FAE04EC0-301F-11D3-BF4B-00C04F79EFBC}") = "TryItPageOne", "TryItPageOne\TryItPageOne.csproj", "{169CC4B1-768A-465E-A50C-748E8999A57B}"
	ProjectSection(ProjectDependencies) = postProject
		{D3FCDBC5-A50C-486D-8D3D-5AAD7339175C} = {D3FCDBC5-A50C-486D-8D3D-5AAD7339175C}
	EndProjectSection
EndProject
Project("{FAE04EC0-301F-11D3-BF4B-00C04F79EFBC}") = "TryItPagetwo", "TryItPagetwo\TryItPagetwo.csproj", "{A164F827-358E-4844-96C0-F44B9137239E}"
	ProjectSection(ProjectDependencies) = postProject
		{A4CDDDB7-E990-4569-9D12-FAD16447E686} = {A4CDDDB7-E990-4569-9D12-FAD16447E686}
	EndProjectSection
EndProject
Global
	GlobalSection(SolutionConfigurationPlatforms) = preSolution
		Debug|Any CPU = Debug|Any CPU
		Release|Any CPU = Release|Any CPU
	EndGlobalSection
	GlobalSection(ProjectConfigurationPlatforms) = postSolution
		{D3FCDBC5-A50C-486D-8D3D-5AAD7339175C}.Debug|Any CPU.ActiveCfg = Debug|Any CPU
		{D3FCDBC5-A50C-486D-8D3D-5AAD7339175C}.Debug|Any CPU.Build.0 = Debug|Any CPU
		{D3FCDBC5-A50C-486D-8D3D-5AAD7339175C}.Release|Any CPU.ActiveCfg = Release|Any CPU
		{D3FCDBC5-A50C-486D-8D3D-5AAD7339175C}.Release|Any CPU.Build.0 = Release|Any CPU
		{8F029B25-A56E-4E47-982F-CB5B014EFF7F}.Debug|Any CPU.ActiveCfg = Debug|Any CPU
		{8F029B25-A56E-4E47-982F-CB5B014EFF7F}.Debug|Any CPU.Build.0 = Debug|Any CPU
		{8F029B25-A56E-4E47-982F-CB5B014EFF7F}.Release|Any CPU.ActiveCfg = Release|Any CPU
		{8F029B25-A56E-4E47-982F-CB5B014EFF7F}.Release|Any CPU.Build.0 = Release|Any CPU
		{A4CDDDB7-E990-4569-9D12-FAD16447E686}.Debug|Any CPU.ActiveCfg = Debug|Any CPU
		{A4CDDDB7-E990-4569-9D12-FAD16447E686}.Debug|Any CPU.Build.0 = Debug|Any CPU
		{A4CDDDB7-E990-4569-9D12-FAD16447E686}.Release|Any CPU.ActiveCfg = Release|Any CPU
		{A4CDDDB7-E990-4569-9D12-FAD16447E686}.Release|Any CPU.Build.0 = Release|Any CPU
		{BCB20C11-29C1-4466-BCA4-5A7698D6D87A}.Debug|Any CPU.ActiveCfg = Debug|Any CPU
		{BCB20C11-29C1-4466-BCA4-5A7698D6D87A}.Debug|Any CPU.Build.0 = Debug|Any CPU
		{BCB20C11-29C1-4466-BCA4-5A7698D6D87A}.Release|Any CPU.ActiveCfg = Release|Any CPU
		{BCB20C11-29C1-4466-BCA4-5A7698D6D87A}.Release|Any CPU.Build.0 = Release|Any CPU
		{169CC4B1-768A-465E-A50C-748E8999A57B}.Debug|Any CPU.ActiveCfg = Debug|Any CPU
		{169CC4B1-768A-465E-A50C-748E8999A57B}.Debug|Any CPU.Build.0 = Debug|Any CPU
		{169CC4B1-768A-465E-A50C-748E8999A57B}.Release|Any CPU.ActiveCfg = Release|Any CPU
		{169CC4B1-768A-465E-A50C-748E8999A57B}.Release|Any CPU.Build.0 = Release|Any CPU
		{A164F827-358E-4844-96C0-F44B9137239E}.Debug|Any CPU.ActiveCfg = Debug|Any CPU
		{A164F827-358E-4844-96C0-F44B9137239E}.Debug|Any CPU.Build.0 = Debug|Any CPU
		{A164F827-358E-4844-96C0-F44B9137239E}.Release|Any CPU.ActiveCfg = Release|Any CPU
		{A164F827-358E-4844-96C0-F44B9137239E}.Release|Any CPU.Build.0 = Release|Any CPU
	EndGlobalSection
	GlobalSection(SolutionProperties) = preSolution
		HideSolutionNode = FALSE
	EndGlobalSection
	GlobalSection(ExtensibilityGlobals) = postSolution
		SolutionGuid = {72D3E944-CE23-4879-B1B2-F51C54214687}
	EndGlobalSection
EndGlobal
