
Microsoft Visual Studio Solution File, Format Version 12.00
# Visual Studio Version 16
VisualStudioVersion = 16.0.29215.179
MinimumVisualStudioVersion = 10.0.40219.1
Project("{FAE04EC0-301F-11D3-BF4B-00C04F79EFBC}") = "WordFilter", "WordFilter\WordFilter.csproj", "{D3FCDBC5-A50C-486D-8D3D-5AAD7339175C}"
EndProject
Global
	GlobalSection(SolutionConfigurationPlatforms) = preSolution
		Debug|Any CPU = Debug|Any CPU
		Release|Any CPU = Release|Any CPU
	EndGlobalSection
	GlobalSection(ProjectConfigurationPlatforms) = postSolution
		{D3FCDBC5-A50C-486D-8D3D-5AAD7339175C}.Debug|Any CPU.ActiveCfg = Debug|Any CPU
		{D3FCDBC5-A50C-486D-8D3D-5AAD7339175C}.Debug|Any CPU.Build.0 = Debug|Any CPU
		{D3FCDBC5-A50C-486D-8D3D-5AAD7339175C}.Release|Any CPU.ActiveCfg = Release|Any CPU
		{D3FCDBC5-A50C-486D-8D3D-5AAD7339175C}.Release|Any CPU.Build.0 = Release|Any CPU
	EndGlobalSection
	GlobalSection(SolutionProperties) = preSolution
		HideSolutionNode = FALSE
	EndGlobalSection
	GlobalSection(ExtensibilityGlobals) = postSolution
		SolutionGuid = {72D3E944-CE23-4879-B1B2-F51C54214687}
	EndGlobalSection
EndGlobal
